
Microsoft Visual Studio Solution File, Format Version 12.00
# Visual Studio Version 16
VisualStudioVersion = 16.0.28917.181
MinimumVisualStudioVersion = 10.0.40219.1
Project("{FAE04EC0-301F-11D3-BF4B-00C04F79EFBC}") = "APBD2", "APBD2\APBD2.csproj", "{DE507FB5-1732-4B57-8782-FBCE582E385F}"
EndProject
Global
	GlobalSection(SolutionConfigurationPlatforms) = preSolution
		Debug|Any CPU = Debug|Any CPU
		Release|Any CPU = Release|Any CPU
	EndGlobalSection
	GlobalSection(ProjectConfigurationPlatforms) = postSolution
		{DE507FB5-1732-4B57-8782-FBCE582E385F}.Debug|Any CPU.ActiveCfg = Debug|Any CPU
		{DE507FB5-1732-4B57-8782-FBCE582E385F}.Debug|Any CPU.Build.0 = Debug|Any CPU
		{DE507FB5-1732-4B57-8782-FBCE582E385F}.Release|Any CPU.ActiveCfg = Release|Any CPU
		{DE507FB5-1732-4B57-8782-FBCE582E385F}.Release|Any CPU.Build.0 = Release|Any CPU
	EndGlobalSection
	GlobalSection(SolutionProperties) = preSolution
		HideSolutionNode = FALSE
	EndGlobalSection
	GlobalSection(ExtensibilityGlobals) = postSolution
		SolutionGuid = {E45A4245-5017-4C37-9FA8-0A8951569415}
	EndGlobalSection
EndGlobal
